
Microsoft Visual Studio Solution File, Format Version 12.00
Project("{FAE04EC0-301F-11D3-BF4B-00C04F79EFBC}") = "Reflektor", "Reflektor\Reflektor.csproj", "{A6720FB1-4016-4419-B372-228F2880936D}"
EndProject
Project("{FAE04EC0-301F-11D3-BF4B-00C04F79EFBC}") = "Reflektor.Tests", "Reflektor.Tests\Reflektor.Tests.csproj", "{65A0FBAC-485E-42E8-B5B3-B3CEF0ED5F10}"
EndProject
Global
	GlobalSection(SolutionConfigurationPlatforms) = preSolution
		Debug|Any CPU = Debug|Any CPU
		Release|Any CPU = Release|Any CPU
	EndGlobalSection
	GlobalSection(ProjectConfigurationPlatforms) = postSolution
		{A6720FB1-4016-4419-B372-228F2880936D}.Debug|Any CPU.ActiveCfg = Debug|Any CPU
		{A6720FB1-4016-4419-B372-228F2880936D}.Debug|Any CPU.Build.0 = Debug|Any CPU
		{A6720FB1-4016-4419-B372-228F2880936D}.Release|Any CPU.ActiveCfg = Release|Any CPU
		{A6720FB1-4016-4419-B372-228F2880936D}.Release|Any CPU.Build.0 = Release|Any CPU
		{65A0FBAC-485E-42E8-B5B3-B3CEF0ED5F10}.Debug|Any CPU.ActiveCfg = Debug|Any CPU
		{65A0FBAC-485E-42E8-B5B3-B3CEF0ED5F10}.Debug|Any CPU.Build.0 = Debug|Any CPU
		{65A0FBAC-485E-42E8-B5B3-B3CEF0ED5F10}.Release|Any CPU.ActiveCfg = Release|Any CPU
		{65A0FBAC-485E-42E8-B5B3-B3CEF0ED5F10}.Release|Any CPU.Build.0 = Release|Any CPU
	EndGlobalSection
EndGlobal
